
Microsoft Visual Studio Solution File, Format Version 12.00
# Visual Studio 2013
VisualStudioVersion = 12.0.40418.0
MinimumVisualStudioVersion = 10.0.40219.1
Project("{FAE04EC0-301F-11D3-BF4B-00C04F79EFBC}") = "FaceDetection", "FaceDetection\FaceDetection.csproj", "{5E77B59D-1260-42ED-86ED-EFE5331F3F6D}"
EndProject
Project("{FAE04EC0-301F-11D3-BF4B-00C04F79EFBC}") = "FaceDetection.Core", "FaceDetection.Core\FaceDetection.Core.csproj", "{398996F3-3A48-4DBA-9F24-80CBAFEC6B22}"
EndProject
Global
	GlobalSection(SolutionConfigurationPlatforms) = preSolution
		Debug|Any CPU = Debug|Any CPU
		Release|Any CPU = Release|Any CPU
	EndGlobalSection
	GlobalSection(ProjectConfigurationPlatforms) = postSolution
		{5E77B59D-1260-42ED-86ED-EFE5331F3F6D}.Debug|Any CPU.ActiveCfg = Debug|Any CPU
		{5E77B59D-1260-42ED-86ED-EFE5331F3F6D}.Debug|Any CPU.Build.0 = Debug|Any CPU
		{5E77B59D-1260-42ED-86ED-EFE5331F3F6D}.Release|Any CPU.ActiveCfg = Release|Any CPU
		{5E77B59D-1260-42ED-86ED-EFE5331F3F6D}.Release|Any CPU.Build.0 = Release|Any CPU
		{398996F3-3A48-4DBA-9F24-80CBAFEC6B22}.Debug|Any CPU.ActiveCfg = Debug|Any CPU
		{398996F3-3A48-4DBA-9F24-80CBAFEC6B22}.Debug|Any CPU.Build.0 = Debug|Any CPU
		{398996F3-3A48-4DBA-9F24-80CBAFEC6B22}.Release|Any CPU.ActiveCfg = Release|Any CPU
		{398996F3-3A48-4DBA-9F24-80CBAFEC6B22}.Release|Any CPU.Build.0 = Release|Any CPU
	EndGlobalSection
	GlobalSection(SolutionProperties) = preSolution
		HideSolutionNode = FALSE
	EndGlobalSection
EndGlobal
